# THIS IS AN AUTOGENERATED FILE. DO NOT EDIT THIS FILE DIRECTLY.
# yarn lockfile v1


axios@^0.16.2:
  version "0.16.2"
  resolved "http://registry.npm.taobao.org/axios/download/axios-0.16.2.tgz#ba4f92f17167dfbab40983785454b9ac149c3c6d"
  dependencies:
    follow-redirects "^1.2.3"
    is-buffer "^1.1.5"

coordtransform@^2.1.2:
  version "2.1.2"
  resolved "http://registry.npm.taobao.org/coordtransform/download/coordtransform-2.1.2.tgz#090349cd62b1dc05fae47b291bf9f0b7ce827f66"

debug@^2.4.5:
  version "2.6.8"
  resolved "http://registry.npm.taobao.org/debug/download/debug-2.6.8.tgz#e731531ca2ede27d188222427da17821d68ff4fc"
  dependencies:
    ms "2.0.0"

follow-redirects@^1.2.3:
  version "1.2.4"
  resolved "http://registry.npm.taobao.org/follow-redirects/download/follow-redirects-1.2.4.tgz#355e8f4d16876b43f577b0d5ce2668b9723214ea"
  dependencies:
    debug "^2.4.5"

is-buffer@^1.1.5:
  version "1.1.5"
  resolved "http://registry.npm.taobao.org/is-buffer/download/is-buffer-1.1.5.tgz#1f3b26ef613b214b88cbca23cc6c01d87961eecc"

lodash@^4.17.4:
  version "4.17.4"
  resolved "http://registry.npm.taobao.org/lodash/download/lodash-4.17.4.tgz#78203a4d1c328ae1d86dca6460e369b57f4055ae"

ms@2.0.0:
  version "2.0.0"
  resolved "http://registry.npm.taobao.org/ms/download/ms-2.0.0.tgz#5608aeadfc00be6c2901df5f9861788de0d597c8"

tile-lnglat-transform@^1.3.1:
  version "1.3.1"
  resolved "http://registry.npm.taobao.org/tile-lnglat-transform/download/tile-lnglat-transform-1.3.1.tgz#1136e8be8452ca163b7ee7266d1bad2c94cf78fb"
